{
  "name": "graphql-server",
  "version": "1.0.0",
  "lockfileVersion": 1,
  "requires": true,
  "dependencies": {
    "body-parser": {
      "version": "1.17.2",
      "resolved": "https://registry.npmjs.org/body-parser/-/body-parser-1.17.2.tgz",
      "integrity": "sha1-+IkqvI+eYn1Crtr7yma/WrmRBO4="
    },
    "cookie-parser": {
      "version": "1.4.3",
      "resolved": "https://registry.npmjs.org/cookie-parser/-/cookie-parser-1.4.3.tgz",
      "integrity": "sha1-D+MfoZ0AC5X0qt8fU/3CuKIDuqU="
    },
    "cors": {
      "version": "2.8.4",
      "resolved": "https://registry.npmjs.org/cors/-/cors-2.8.4.tgz",
      "integrity": "sha1-K9OB8usgECAQXNUOpZ2mMJBpRoY="
    },
    "dotenv": {
      "version": "4.0.0",
      "resolved": "https://registry.npmjs.org/dotenv/-/dotenv-4.0.0.tgz",
      "integrity": "sha1-hk7xN5rO1Vzm+V3r7NzhefegzR0="
    },
    "express": {
      "version": "4.15.3",
      "resolved": "https://registry.npmjs.org/express/-/express-4.15.3.tgz",
      "integrity": "sha1-urZdDwOqgMNYQIly/HAPkWlEtmI="
    },
    "express-session": {
      "version": "1.15.3",
      "resolved": "https://registry.npmjs.org/express-session/-/express-session-1.15.3.tgz",
      "integrity": "sha1-21RfBDWnsbIorgLagZf2UUFzXGc="
    },
    "faker": {
      "version": "4.1.0",
      "resolved": "https://registry.npmjs.org/faker/-/faker-4.1.0.tgz",
      "integrity": "sha1-HkW7vsxndLPBlfrSg1EJxtdIzD8="
    },
    "graphql": {
      "version": "0.10.5",
      "resolved": "https://registry.npmjs.org/graphql/-/graphql-0.10.5.tgz",
      "integrity": "sha512-Q7cx22DiLhwHsEfUnUip1Ww/Vfx7FS0w6+iHItNuN61+XpegHSa3k5U0+6M5BcpavQImBwFiy0z3uYwY7cXMLQ=="
    },
    "graphql-server-express": {
      "version": "1.0.2",
      "resolved": "https://registry.npmjs.org/graphql-server-express/-/graphql-server-express-1.0.2.tgz",
      "integrity": "sha1-bBisb5mXrRIQGN4wYoaj1xKuZyY="
    },
    "lodash": {
      "version": "4.17.21",
      "resolved": "https://registry.npmjs.org/lodash/-/lodash-4.17.21.tgz",
      "integrity": "sha512-v2kDEe57lecTulaDIuNTPy3Ry4gLGJ6Z1O3vE1krgXZNrsQ+LFTGHVxVjcXPs17LhbZVGedAJv8XZ1tvj5FvSg=="
    },
    "passport": {
      "version": "0.3.2",
      "resolved": "https://registry.npmjs.org/passport/-/passport-0.3.2.tgz",
      "integrity": "sha1-ndAJ+RXo/glbASSgG4+C2gdRAQI="
    },
    "passport-facebook": {
      "version": "2.1.1",
      "resolved": "https://registry.npmjs.org/passport-facebook/-/passport-facebook-2.1.1.tgz",
      "integrity": "sha1-w50LUq5NWRYyRaTiGnubYyEwMxE="
    },
    "passport-google-oauth": {
      "version": "1.0.0",
      "resolved": "https://registry.npmjs.org/passport-google-oauth/-/passport-google-oauth-1.0.0.tgz",
      "integrity": "sha1-ZfUGMxkq0GJ6GLCJYAdxCdhOt20="
    },
    "pg": {
      "version": "6.4.1",
      "resolved": "https://registry.npmjs.org/pg/-/pg-6.4.1.tgz",
      "integrity": "sha1-PqvYygVoFEN8dp8X/3oMNqxwI8U="
    },
    "sequelize": {
      "version": "4.3.2",
      "resolved": "https://registry.npmjs.org/sequelize/-/sequelize-4.3.2.tgz",
      "integrity": "sha1-FHrRnW6lk++YME6MsLimkrS50aM=",
      "dependencies": {
        "generic-pool": {
          "version": "3.1.7",
          "resolved": "https://registry.npmjs.org/generic-pool/-/generic-pool-3.1.7.tgz",
          "integrity": "sha1-2sIrLHp6BOQXMvfY0tJaMDyI9mI="
        },
        "semver": {
          "version": "5.3.0",
          "resolved": "https://registry.npmjs.org/semver/-/semver-5.3.0.tgz",
          "integrity": "sha1-myzl094C0XxgEq0yaqa00M9U+U8="
        }
      }
    }
  }
}
